// !$*UTF8*$!
{
	archiveVersion = 1;
	classes = {
	};
	objectVersion = 46;
	objects = {

/* Begin PBXBuildFile section */
		7E573F48195381B500FA74BB /* Foundation.framework in Frameworks */ = {isa = PBXBuildFile; fileRef = 7E573F47195381B500FA74BB /* Foundation.framework */; };
		7E573F4A195381B500FA74BB /* CoreGraphics.framework in Frameworks */ = {isa = PBXBuildFile; fileRef = 7E573F49195381B500FA74BB /* CoreGraphics.framework */; };
		7E573F4C195381B500FA74BB /* UIKit.framework in Frameworks */ = {isa = PBXBuildFile; fileRef = 7E573F4B195381B500FA74BB /* UIKit.framework */; };
		7E573F52195381B500FA74BB /* InfoPlist.strings in Resources */ = {isa = PBXBuildFile; fileRef = 7E573F50195381B500FA74BB /* InfoPlist.strings */; };
		7E573F54195381B500FA74BB /* main.m in Sources */ = {isa = PBXBuildFile; fileRef = 7E573F53195381B500FA74BB /* main.m */; };
		7E573F58195381B500FA74BB /* JMAppDelegate.m in Sources */ = {isa = PBXBuildFile; fileRef = 7E573F57195381B500FA74BB /* JMAppDelegate.m */; };
		7E573F5B195381B500FA74BB /* Main.storyboard in Resources */ = {isa = PBXBuildFile; fileRef = 7E573F59195381B500FA74BB /* Main.storyboard */; };
		7E573F5E195381B500FA74BB /* JMViewController.m in Sources */ = {isa = PBXBuildFile; fileRef = 7E573F5D195381B500FA74BB /* JMViewController.m */; };
		7E573F60195381B500FA74BB /* Images.xcassets in Resources */ = {isa = PBXBuildFile; fileRef = 7E573F5F195381B500FA74BB /* Images.xcassets */; };
		7E573F67195381B500FA74BB /* XCTest.framework in Frameworks */ = {isa = PBXBuildFile; fileRef = 7E573F66195381B500FA74BB /* XCTest.framework */; };
		7E573F68195381B500FA74BB /* Foundation.framework in Frameworks */ = {isa = PBXBuildFile; fileRef = 7E573F47195381B500FA74BB /* Foundation.framework */; };
		7E573F69195381B500FA74BB /* UIKit.framework in Frameworks */ = {isa = PBXBuildFile; fileRef = 7E573F4B195381B500FA74BB /* UIKit.framework */; };
		7E573F71195381B500FA74BB /* InfoPlist.strings in Resources */ = {isa = PBXBuildFile; fileRef = 7E573F6F195381B500FA74BB /* InfoPlist.strings */; };
		7E573F73195381B500FA74BB /* GitHub_PracticeTests.m in Sources */ = {isa = PBXBuildFile; fileRef = 7E573F72195381B500FA74BB /* GitHub_PracticeTests.m */; };
/* End PBXBuildFile section */

/* Begin PBXContainerItemProxy section */
		7E573F6A195381B500FA74BB /* PBXContainerItemProxy */ = {
			isa = PBXContainerItemProxy;
			containerPortal = 7E573F3C195381B500FA74BB /* Project object */;
			proxyType = 1;
			remoteGlobalIDString = 7E573F43195381B500FA74BB;
			remoteInfo = "GitHub Practice";
		};
/* End PBXContainerItemProxy section */

/* Begin PBXFileReference section */
		7E573F44195381B500FA74BB /* GitHub Practice.app */ = {isa = PBXFileReference; explicitFileType = wrapper.application; includeInIndex = 0; path = "GitHub Practice.app"; sourceTree = BUILT_PRODUCTS_DIR; };
		7E573F47195381B500FA74BB /* Foundation.framework */ = {isa = PBXFileReference; lastKnownFileType = wrapper.framework; name = Foundation.framework; path = System/Library/Frameworks/Foundation.framework; sourceTree = SDKROOT; };
		7E573F49195381B500FA74BB /* CoreGraphics.framework */ = {isa = PBXFileReference; lastKnownFileType = wrapper.framework; name = CoreGraphics.framework; path = System/Library/Frameworks/CoreGraphics.framework; sourceTree = SDKROOT; };
		7E573F4B195381B500FA74BB /* UIKit.framework */ = {isa = PBXFileReference; lastKnownFileType = wrapper.framework; name = UIKit.framework; path = System/Library/Frameworks/UIKit.framework; sourceTree = SDKROOT; };
		7E573F4F195381B500FA74BB /* GitHub Practice-Info.plist */ = {isa = PBXFileReference; lastKnownFileType = text.plist.xml; path = "GitHub Practice-Info.plist"; sourceTree = "<group>"; };
		7E573F51195381B500FA74BB /* en */ = {isa = PBXFileReference; lastKnownFileType = text.plist.strings; name = en; path = en.lproj/InfoPlist.strings; sourceTree = "<group>"; };
		7E573F53195381B500FA74BB /* main.m */ = {isa = PBXFileReference; lastKnownFileType = sourcecode.c.objc; path = main.m; sourceTree = "<group>"; };
		7E573F55195381B500FA74BB /* GitHub Practice-Prefix.pch */ = {isa = PBXFileReference; lastKnownFileType = sourcecode.c.h; path = "GitHub Practice-Prefix.pch"; sourceTree = "<group>"; };
		7E573F56195381B500FA74BB /* JMAppDelegate.h */ = {isa = PBXFileReference; lastKnownFileType = sourcecode.c.h; path = JMAppDelegate.h; sourceTree = "<group>"; };
		7E573F57195381B500FA74BB /* JMAppDelegate.m */ = {isa = PBXFileReference; lastKnownFileType = sourcecode.c.objc; path = JMAppDelegate.m; sourceTree = "<group>"; };
		7E573F5A195381B500FA74BB /* Base */ = {isa = PBXFileReference; lastKnownFileType = file.storyboard; name = Base; path = Base.lproj/Main.storyboard; sourceTree = "<group>"; };
		7E573F5C195381B500FA74BB /* JMViewController.h */ = {isa = PBXFileReference; lastKnownFileType = sourcecode.c.h; path = JMViewController.h; sourceTree = "<group>"; };
		7E573F5D195381B500FA74BB /* JMViewController.m */ = {isa = PBXFileReference; lastKnownFileType = sourcecode.c.objc; path = JMViewController.m; sourceTree = "<group>"; };
		7E573F5F195381B500FA74BB /* Images.xcassets */ = {isa = PBXFileReference; lastKnownFileType = folder.assetcatalog; path = Images.xcassets; sourceTree = "<group>"; };
		7E573F65195381B500FA74BB /* GitHub PracticeTests.xctest */ = {isa = PBXFileReference; explicitFileType = wrapper.cfbundle; includeInIndex = 0; path = "GitHub PracticeTests.xctest"; sourceTree = BUILT_PRODUCTS_DIR; };
		7E573F66195381B500FA74BB /* XCTest.framework */ = {isa = PBXFileReference; lastKnownFileType = wrapper.framework; name = XCTest.framework; path = Library/Frameworks/XCTest.framework; sourceTree = DEVELOPER_DIR; };
		7E573F6E195381B500FA74BB /* GitHub PracticeTests-Info.plist */ = {isa = PBXFileReference; lastKnownFileType = text.plist.xml; path = "GitHub PracticeTests-Info.plist"; sourceTree = "<group>"; };
		7E573F70195381B500FA74BB /* en */ = {isa = PBXFileReference; lastKnownFileType = text.plist.strings; name = en; path = en.lproj/InfoPlist.strings; sourceTree = "<group>"; };
		7E573F72195381B500FA74BB /* GitHub_PracticeTests.m */ = {isa = PBXFileReference; lastKnownFileType = sourcecode.c.objc; path = GitHub_PracticeTests.m; sourceTree = "<group>"; };
/* End PBXFileReference section */

/* Begin PBXFrameworksBuildPhase section */
		7E573F41195381B500FA74BB /* Frameworks */ = {
			isa = PBXFrameworksBuildPhase;
			buildActionMask = 2147483647;
			files = (
				7E573F4A195381B500FA74BB /* CoreGraphics.framework in Frameworks */,
				7E573F4C195381B500FA74BB /* UIKit.framework in Frameworks */,
				7E573F48195381B500FA74BB /* Foundation.framework in Frameworks */,
			);
			runOnlyForDeploymentPostprocessing = 0;
		};
		7E573F62195381B500FA74BB /* Frameworks */ = {
			isa = PBXFrameworksBuildPhase;
			buildActionMask = 2147483647;
			files = (
				7E573F67195381B500FA74BB /* XCTest.framework in Frameworks */,
				7E573F69195381B500FA74BB /* UIKit.framework in Frameworks */,
				7E573F68195381B500FA74BB /* Foundation.framework in Frameworks */,
			);
			runOnlyForDeploymentPostprocessing = 0;
		};
/* End PBXFrameworksBuildPhase section */

/* Begin PBXGroup section */
		7E573F3B195381B500FA74BB = {
			isa = PBXGroup;
			children = (
				7E573F4D195381B500FA74BB /* GitHub Practice */,
				7E573F6C195381B500FA74BB /* GitHub PracticeTests */,
				7E573F46195381B500FA74BB /* Frameworks */,
				7E573F45195381B500FA74BB /* Products */,
			);
			sourceTree = "<group>";
		};
		7E573F45195381B500FA74BB /* Products */ = {
			isa = PBXGroup;
			children = (
				7E573F44195381B500FA74BB /* GitHub Practice.app */,
				7E573F65195381B500FA74BB /* GitHub PracticeTests.xctest */,
			);
			name = Products;
			sourceTree = "<group>";
		};
		7E573F46195381B500FA74BB /* Frameworks */ = {
			isa = PBXGroup;
			children = (
				7E573F47195381B500FA74BB /* Foundation.framework */,
				7E573F49195381B500FA74BB /* CoreGraphics.framework */,
				7E573F4B195381B500FA74BB /* UIKit.framework */,
				7E573F66195381B500FA74BB /* XCTest.framework */,
			);
			name = Frameworks;
			sourceTree = "<group>";
		};
		7E573F4D195381B500FA74BB /* GitHub Practice */ = {
			isa = PBXGroup;
			children = (
				7E573F56195381B500FA74BB /* JMAppDelegate.h */,
				7E573F57195381B500FA74BB /* JMAppDelegate.m */,
				7E573F59195381B500FA74BB /* Main.storyboard */,
				7E573F5C195381B500FA74BB /* JMViewController.h */,
				7E573F5D195381B500FA74BB /* JMViewController.m */,
				7E573F5F195381B500FA74BB /* Images.xcassets */,
				7E573F4E195381B500FA74BB /* Supporting Files */,
			);
			path = "GitHub Practice";
			sourceTree = "<group>";
		};
		7E573F4E195381B500FA74BB /* Supporting Files */ = {
			isa = PBXGroup;
			children = (
				7E573F4F195381B500FA74BB /* GitHub Practice-Info.plist */,
				7E573F50195381B500FA74BB /* InfoPlist.strings */,
				7E573F53195381B500FA74BB /* main.m */,
				7E573F55195381B500FA74BB /* GitHub Practice-Prefix.pch */,
			);
			name = "Supporting Files";
			sourceTree = "<group>";
		};
		7E573F6C195381B500FA74BB /* GitHub PracticeTests */ = {
			isa = PBXGroup;
			children = (
				7E573F72195381B500FA74BB /* GitHub_PracticeTests.m */,
				7E573F6D195381B500FA74BB /* Supporting Files */,
			);
			path = "GitHub PracticeTests";
			sourceTree = "<group>";
		};
		7E573F6D195381B500FA74BB /* Supporting Files */ = {
			isa = PBXGroup;
			children = (
				7E573F6E195381B500FA74BB /* GitHub PracticeTests-Info.plist */,
				7E573F6F195381B500FA74BB /* InfoPlist.strings */,
			);
			name = "Supporting Files";
			sourceTree = "<group>";
		};
/* End PBXGroup section */

/* Begin PBXNativeTarget section */
		7E573F43195381B500FA74BB /* GitHub Practice */ = {
			isa = PBXNativeTarget;
			buildConfigurationList = 7E573F76195381B500FA74BB /* Build configuration list for PBXNativeTarget "GitHub Practice" */;
			buildPhases = (
				7E573F40195381B500FA74BB /* Sources */,
				7E573F41195381B500FA74BB /* Frameworks */,
				7E573F42195381B500FA74BB /* Resources */,
			);
			buildRules = (
			);
			dependencies = (
			);
			name = "GitHub Practice";
			productName = "GitHub Practice";
			productReference = 7E573F44195381B500FA74BB /* GitHub Practice.app */;
			productType = "com.apple.product-type.application";
		};
		7E573F64195381B500FA74BB /* GitHub PracticeTests */ = {
			isa = PBXNativeTarget;
			buildConfigurationList = 7E573F79195381B500FA74BB /* Build configuration list for PBXNativeTarget "GitHub PracticeTests" */;
			buildPhases = (
				7E573F61195381B500FA74BB /* Sources */,
				7E573F62195381B500FA74BB /* Frameworks */,
				7E573F63195381B500FA74BB /* Resources */,
			);
			buildRules = (
			);
			dependencies = (
				7E573F6B195381B500FA74BB /* PBXTargetDependency */,
			);
			name = "GitHub PracticeTests";
			productName = "GitHub PracticeTests";
			productReference = 7E573F65195381B500FA74BB /* GitHub PracticeTests.xctest */;
			productType = "com.apple.product-type.bundle.unit-test";
		};
/* End PBXNativeTarget section */

/* Begin PBXProject section */
		7E573F3C195381B500FA74BB /* Project object */ = {
			isa = PBXProject;
			attributes = {
				CLASSPREFIX = JM;
				LastUpgradeCheck = 0510;
				TargetAttributes = {
					7E573F64195381B500FA74BB = {
						TestTargetID = 7E573F43195381B500FA74BB;
					};
				};
			};
			buildConfigurationList = 7E573F3F195381B500FA74BB /* Build configuration list for PBXProject "GitHub Practice" */;
			compatibilityVersion = "Xcode 3.2";
			developmentRegion = English;
			hasScannedForEncodings = 0;
			knownRegions = (
				en,
				Base,
			);
			mainGroup = 7E573F3B195381B500FA74BB;
			productRefGroup = 7E573F45195381B500FA74BB /* Products */;
			projectDirPath = "";
			projectRoot = "";
			targets = (
				7E573F43195381B500FA74BB /* GitHub Practice */,
				7E573F64195381B500FA74BB /* GitHub PracticeTests */,
			);
		};
/* End PBXProject section */

/* Begin PBXResourcesBuildPhase section */
		7E573F42195381B500FA74BB /* Resources */ = {
			isa = PBXResourcesBuildPhase;
			buildActionMask = 2147483647;
			files = (
				7E573F60195381B500FA74BB /* Images.xcassets in Resources */,
				7E573F52195381B500FA74BB /* InfoPlist.strings in Resources */,
				7E573F5B195381B500FA74BB /* Main.storyboard in Resources */,
			);
			runOnlyForDeploymentPostprocessing = 0;
		};
		7E573F63195381B500FA74BB /* Resources */ = {
			isa = PBXResourcesBuildPhase;
			buildActionMask = 2147483647;
			files = (
				7E573F71195381B500FA74BB /* InfoPlist.strings in Resources */,
			);
			runOnlyForDeploymentPostprocessing = 0;
		};
/* End PBXResourcesBuildPhase section */

/* Begin PBXSourcesBuildPhase section */
		7E573F40195381B500FA74BB /* Sources */ = {
			isa = PBXSourcesBuildPhase;
			buildActionMask = 2147483647;
			files = (
				7E573F54195381B500FA74BB /* main.m in Sources */,
				7E573F5E195381B500FA74BB /* JMViewController.m in Sources */,
				7E573F58195381B500FA74BB /* JMAppDelegate.m in Sources */,
			);
			runOnlyForDeploymentPostprocessing = 0;
		};
		7E573F61195381B500FA74BB /* Sources */ = {
			isa = PBXSourcesBuildPhase;
			buildActionMask = 2147483647;
			files = (
				7E573F73195381B500FA74BB /* GitHub_PracticeTests.m in Sources */,
			);
			runOnlyForDeploymentPostprocessing = 0;
		};
/* End PBXSourcesBuildPhase section */

/* Begin PBXTargetDependency section */
		7E573F6B195381B500FA74BB /* PBXTargetDependency */ = {
			isa = PBXTargetDependency;
			target = 7E573F43195381B500FA74BB /* GitHub Practice */;
			targetProxy = 7E573F6A195381B500FA74BB /* PBXContainerItemProxy */;
		};
/* End PBXTargetDependency section */

/* Begin PBXVariantGroup section */
		7E573F50195381B500FA74BB /* InfoPlist.strings */ = {
			isa = PBXVariantGroup;
			children = (
				7E573F51195381B500FA74BB /* en */,
			);
			name = InfoPlist.strings;
			sourceTree = "<group>";
		};
		7E573F59195381B500FA74BB /* Main.storyboard */ = {
			isa = PBXVariantGroup;
			children = (
				7E573F5A195381B500FA74BB /* Base */,
			);
			name = Main.storyboard;
			sourceTree = "<group>";
		};
		7E573F6F195381B500FA74BB /* InfoPlist.strings */ = {
			isa = PBXVariantGroup;
			children = (
				7E573F70195381B500FA74BB /* en */,
			);
			name = InfoPlist.strings;
			sourceTree = "<group>";
		};
/* End PBXVariantGroup section */

/* Begin XCBuildConfiguration section */
		7E573F74195381B500FA74BB /* Debug */ = {
			isa = XCBuildConfiguration;
			buildSettings = {
				ALWAYS_SEARCH_USER_PATHS = NO;
				CLANG_CXX_LANGUAGE_STANDARD = "gnu++0x";
				CLANG_CXX_LIBRARY = "libc++";
				CLANG_ENABLE_MODULES = YES;
				CLANG_ENABLE_OBJC_ARC = YES;
				CLANG_WARN_BOOL_CONVERSION = YES;
				CLANG_WARN_CONSTANT_CONVERSION = YES;
				CLANG_WARN_DIRECT_OBJC_ISA_USAGE = YES_ERROR;
				CLANG_WARN_EMPTY_BODY = YES;
				CLANG_WARN_ENUM_CONVERSION = YES;
				CLANG_WARN_INT_CONVERSION = YES;
				CLANG_WARN_OBJC_ROOT_CLASS = YES_ERROR;
				CLANG_WARN__DUPLICATE_METHOD_MATCH = YES;
				"CODE_SIGN_IDENTITY[sdk=iphoneos*]" = "iPhone Developer";
				COPY_PHASE_STRIP = NO;
				GCC_C_LANGUAGE_STANDARD = gnu99;
				GCC_DYNAMIC_NO_PIC = NO;
				GCC_OPTIMIZATION_LEVEL = 0;
				GCC_PREPROCESSOR_DEFINITIONS = (
					"DEBUG=1",
					"$(inherited)",
				);
				GCC_SYMBOLS_PRIVATE_EXTERN = NO;
				GCC_WARN_64_TO_32_BIT_CONVERSION = YES;
				GCC_WARN_ABOUT_RETURN_TYPE = YES_ERROR;
				GCC_WARN_UNDECLARED_SELECTOR = YES;
				GCC_WARN_UNINITIALIZED_AUTOS = YES_AGGRESSIVE;
				GCC_WARN_UNUSED_FUNCTION = YES;
				GCC_WARN_UNUSED_VARIABLE = YES;
				IPHONEOS_DEPLOYMENT_TARGET = 7.1;
				ONLY_ACTIVE_ARCH = YES;
				SDKROOT = iphoneos;
			};
			name = Debug;
		};
		7E573F75195381B500FA74BB /* Release */ = {
			isa = XCBuildConfiguration;
			buildSettings = {
				ALWAYS_SEARCH_USER_PATHS = NO;
				CLANG_CXX_LANGUAGE_STANDARD = "gnu++0x";
				CLANG_CXX_LIBRARY = "libc++";
				CLANG_ENABLE_MODULES = YES;
				CLANG_ENABLE_OBJC_ARC = YES;
				CLANG_WARN_BOOL_CONVERSION = YES;
				CLANG_WARN_CONSTANT_CONVERSION = YES;
				CLANG_WARN_DIRECT_OBJC_ISA_USAGE = YES_ERROR;
				CLANG_WARN_EMPTY_BODY = YES;
				CLANG_WARN_ENUM_CONVERSION = YES;
				CLANG_WARN_INT_CONVERSION = YES;
				CLANG_WARN_OBJC_ROOT_CLASS = YES_ERROR;
				CLANG_WARN__DUPLICATE_METHOD_MATCH = YES;
				"CODE_SIGN_IDENTITY[sdk=iphoneos*]" = "iPhone Developer";
				COPY_PHASE_STRIP = YES;
				ENABLE_NS_ASSERTIONS = NO;
				GCC_C_LANGUAGE_STANDARD = gnu99;
				GCC_WARN_64_TO_32_BIT_CONVERSION = YES;
				GCC_WARN_ABOUT_RETURN_TYPE = YES_ERROR;
				GCC_WARN_UNDECLARED_SELECTOR = YES;
				GCC_WARN_UNINITIALIZED_AUTOS = YES_AGGRESSIVE;
				GCC_WARN_UNUSED_FUNCTION = YES;
				GCC_WARN_UNUSED_VARIABLE = YES;
				IPHONEOS_DEPLOYMENT_TARGET = 7.1;
				SDKROOT = iphoneos;
				VALIDATE_PRODUCT = YES;
			};
			name = Release;
		};
		7E573F77195381B500FA74BB /* Debug */ = {
			isa = XCBuildConfiguration;
			buildSettings = {
				ASSETCATALOG_COMPILER_APPICON_NAME = AppIcon;
				ASSETCATALOG_COMPILER_LAUNCHIMAGE_NAME = LaunchImage;
				GCC_PRECOMPILE_PREFIX_HEADER = YES;
				GCC_PREFIX_HEADER = "GitHub Practice/GitHub Practice-Prefix.pch";
				INFOPLIST_FILE = "GitHub Practice/GitHub Practice-Info.plist";
				PRODUCT_NAME = "$(TARGET_NAME)";
				WRAPPER_EXTENSION = app;
			};
			name = Debug;
		};
		7E573F78195381B500FA74BB /* Release */ = {
			isa = XCBuildConfiguration;
			buildSettings = {
				ASSETCATALOG_COMPILER_APPICON_NAME = AppIcon;
				ASSETCATALOG_COMPILER_LAUNCHIMAGE_NAME = LaunchImage;
				GCC_PRECOMPILE_PREFIX_HEADER = YES;
				GCC_PREFIX_HEADER = "GitHub Practice/GitHub Practice-Prefix.pch";
				INFOPLIST_FILE = "GitHub Practice/GitHub Practice-Info.plist";
				PRODUCT_NAME = "$(TARGET_NAME)";
				WRAPPER_EXTENSION = app;
			};
			name = Release;
		};
		7E573F7A195381B500FA74BB /* Debug */ = {
			isa = XCBuildConfiguration;
			buildSettings = {
				BUNDLE_LOADER = "$(BUILT_PRODUCTS_DIR)/GitHub Practice.app/GitHub Practice";
				FRAMEWORK_SEARCH_PATHS = (
					"$(SDKROOT)/Developer/Library/Frameworks",
					"$(inherited)",
					"$(DEVELOPER_FRAMEWORKS_DIR)",
				);
				GCC_PRECOMPILE_PREFIX_HEADER = YES;
				GCC_PREFIX_HEADER = "GitHub Practice/GitHub Practice-Prefix.pch";
				GCC_PREPROCESSOR_DEFINITIONS = (
					"DEBUG=1",
					"$(inherited)",
				);
				INFOPLIST_FILE = "GitHub PracticeTests/GitHub PracticeTests-Info.plist";
				PRODUCT_NAME = "$(TARGET_NAME)";
				TEST_HOST = "$(BUNDLE_LOADER)";
				WRAPPER_EXTENSION = xctest;
			};
			name = Debug;
		};
		7E573F7B195381B500FA74BB /* Release */ = {
			isa = XCBuildConfiguration;
			buildSettings = {
				BUNDLE_LOADER = "$(BUILT_PRODUCTS_DIR)/GitHub Practice.app/GitHub Practice";
				FRAMEWORK_SEARCH_PATHS = (
					"$(SDKROOT)/Developer/Library/Frameworks",
					"$(inherited)",
					"$(DEVELOPER_FRAMEWORKS_DIR)",
				);
				GCC_PRECOMPILE_PREFIX_HEADER = YES;
				GCC_PREFIX_HEADER = "GitHub Practice/GitHub Practice-Prefix.pch";
				INFOPLIST_FILE = "GitHub PracticeTests/GitHub PracticeTests-Info.plist";
				PRODUCT_NAME = "$(TARGET_NAME)";
				TEST_HOST = "$(BUNDLE_LOADER)";
				WRAPPER_EXTENSION = xctest;
			};
			name = Release;
		};
/* End XCBuildConfiguration section */

/* Begin XCConfigurationList section */
		7E573F3F195381B500FA74BB /* Build configuration list for PBXProject "GitHub Practice" */ = {
			isa = XCConfigurationList;
			buildConfigurations = (
				7E573F74195381B500FA74BB /* Debug */,
				7E573F75195381B500FA74BB /* Release */,
			);
			defaultConfigurationIsVisible = 0;
			defaultConfigurationName = Release;
		};
		7E573F76195381B500FA74BB /* Build configuration list for PBXNativeTarget "GitHub Practice" */ = {
			isa = XCConfigurationList;
			buildConfigurations = (
				7E573F77195381B500FA74BB /* Debug */,
				7E573F78195381B500FA74BB /* Release */,
			);
			defaultConfigurationIsVisible = 0;
		};
		7E573F79195381B500FA74BB /* Build configuration list for PBXNativeTarget "GitHub PracticeTests" */ = {
			isa = XCConfigurationList;
			buildConfigurations = (
				7E573F7A195381B500FA74BB /* Debug */,
				7E573F7B195381B500FA74BB /* Release */,
			);
			defaultConfigurationIsVisible = 0;
		};
/* End XCConfigurationList section */
	};
	rootObject = 7E573F3C195381B500FA74BB /* Project object */;
}
